
Microsoft Visual Studio Solution File, Format Version 12.00
# Visual Studio Version 17
VisualStudioVersion = 17.14.36429.23
MinimumVisualStudioVersion = 10.0.40219.1
Project("{FAE04EC0-301F-11D3-BF4B-00C04F79EFBC}") = "TTWPDotNetTrainingBatch3.ConsoleApp", "TTWPDotNetTrainingBatch3.ConsoleApp\TTWPDotNetTrainingBatch3.ConsoleApp.csproj", "{3AD615EA-82D2-4A19-9A03-B3009336195D}"
EndProject
Project("{FAE04EC0-301F-11D3-BF4B-00C04F79EFBC}") = "TTWPDotNetTrainingBatch3.ConsoleApp2", "TTWPDotNetTrainingBatch3.ConsoleApp2\TTWPDotNetTrainingBatch3.ConsoleApp2.csproj", "{6D798041-CCC2-4CB5-AE75-7FC6E9CCB97B}"
EndProject
Project("{FAE04EC0-301F-11D3-BF4B-00C04F79EFBC}") = "TTWPDotNetTrainingBatch3.ConsoleApp3", "TTWPDotNetTrainingBatch3.ConsoleApp3\TTWPDotNetTrainingBatch3.ConsoleApp3.csproj", "{2B8350ED-D0CE-465C-8327-F19BA60BE4B7}"
EndProject
Global
	GlobalSection(SolutionConfigurationPlatforms) = preSolution
		Debug|Any CPU = Debug|Any CPU
		Release|Any CPU = Release|Any CPU
	EndGlobalSection
	GlobalSection(ProjectConfigurationPlatforms) = postSolution
		{3AD615EA-82D2-4A19-9A03-B3009336195D}.Debug|Any CPU.ActiveCfg = Debug|Any CPU
		{3AD615EA-82D2-4A19-9A03-B3009336195D}.Debug|Any CPU.Build.0 = Debug|Any CPU
		{3AD615EA-82D2-4A19-9A03-B3009336195D}.Release|Any CPU.ActiveCfg = Release|Any CPU
		{3AD615EA-82D2-4A19-9A03-B3009336195D}.Release|Any CPU.Build.0 = Release|Any CPU
		{6D798041-CCC2-4CB5-AE75-7FC6E9CCB97B}.Debug|Any CPU.ActiveCfg = Debug|Any CPU
		{6D798041-CCC2-4CB5-AE75-7FC6E9CCB97B}.Debug|Any CPU.Build.0 = Debug|Any CPU
		{6D798041-CCC2-4CB5-AE75-7FC6E9CCB97B}.Release|Any CPU.ActiveCfg = Release|Any CPU
		{6D798041-CCC2-4CB5-AE75-7FC6E9CCB97B}.Release|Any CPU.Build.0 = Release|Any CPU
		{2B8350ED-D0CE-465C-8327-F19BA60BE4B7}.Debug|Any CPU.ActiveCfg = Debug|Any CPU
		{2B8350ED-D0CE-465C-8327-F19BA60BE4B7}.Debug|Any CPU.Build.0 = Debug|Any CPU
		{2B8350ED-D0CE-465C-8327-F19BA60BE4B7}.Release|Any CPU.ActiveCfg = Release|Any CPU
		{2B8350ED-D0CE-465C-8327-F19BA60BE4B7}.Release|Any CPU.Build.0 = Release|Any CPU
	EndGlobalSection
	GlobalSection(SolutionProperties) = preSolution
		HideSolutionNode = FALSE
	EndGlobalSection
	GlobalSection(ExtensibilityGlobals) = postSolution
		SolutionGuid = {649BF804-337B-4EFE-A393-51957F2483FE}
	EndGlobalSection
EndGlobal
